
Microsoft Visual Studio Solution File, Format Version 12.00
# Visual Studio 15
Project("{FAE04EC0-301F-11D3-BF4B-00C04F79EFBC}") = "variables_and_constants", "variables_and_constants\variables_and_constants.csproj", "{7B14BC56-A204-47A1-8CCB-C1B0A13EEAD8}"
EndProject
Global
	GlobalSection(SolutionConfigurationPlatforms) = preSolution
		Debug|x86 = Debug|x86
		Release|x86 = Release|x86
	EndGlobalSection
	GlobalSection(ProjectConfigurationPlatforms) = postSolution
		{7B14BC56-A204-47A1-8CCB-C1B0A13EEAD8}.Debug|x86.ActiveCfg = Debug|x86
		{7B14BC56-A204-47A1-8CCB-C1B0A13EEAD8}.Debug|x86.Build.0 = Debug|x86
		{7B14BC56-A204-47A1-8CCB-C1B0A13EEAD8}.Release|x86.ActiveCfg = Release|x86
		{7B14BC56-A204-47A1-8CCB-C1B0A13EEAD8}.Release|x86.Build.0 = Release|x86
	EndGlobalSection
EndGlobal
